// !$*UTF8*$!
{
	archiveVersion = 1;
	classes = {
	};
	objectVersion = 50;
	objects = {

/* Begin PBXBuildFile section */
		3922AAE02241BA5200BF0543 /* CoachesListViewController.swift in Sources */ = {isa = PBXBuildFile; fileRef = 3922AADF2241BA5200BF0543 /* CoachesListViewController.swift */; };
		395B9B43223D64DE000CE2A2 /* QrScreen.png in Resources */ = {isa = PBXBuildFile; fileRef = 395B9B42223D64DE000CE2A2 /* QrScreen.png */; };
		395B9B45223D6603000CE2A2 /* EditProfileViewController.swift in Sources */ = {isa = PBXBuildFile; fileRef = 395B9B44223D6603000CE2A2 /* EditProfileViewController.swift */; };
		395B9B47223D69B5000CE2A2 /* UpdateProfileViewController.swift in Sources */ = {isa = PBXBuildFile; fileRef = 395B9B46223D69B5000CE2A2 /* UpdateProfileViewController.swift */; };
		395B9B49223D7251000CE2A2 /* QR LOGO.png in Resources */ = {isa = PBXBuildFile; fileRef = 395B9B48223D7251000CE2A2 /* QR LOGO.png */; };
		395B9B4B223D7839000CE2A2 /* ProfileViewController.swift in Sources */ = {isa = PBXBuildFile; fileRef = 395B9B4A223D7839000CE2A2 /* ProfileViewController.swift */; };
		395B9B4D223D7B0B000CE2A2 /* MapaTec.png in Resources */ = {isa = PBXBuildFile; fileRef = 395B9B4C223D7B0A000CE2A2 /* MapaTec.png */; };
		395B9B4F223D8924000CE2A2 /* GymTec.png in Resources */ = {isa = PBXBuildFile; fileRef = 395B9B4E223D8924000CE2A2 /* GymTec.png */; };
		395B9B51223D8E44000CE2A2 /* 360Gym.png in Resources */ = {isa = PBXBuildFile; fileRef = 395B9B50223D8E43000CE2A2 /* 360Gym.png */; };
		395CEFBF2241C2FC00348BB6 /* DetalleCoachViewController.swift in Sources */ = {isa = PBXBuildFile; fileRef = 395CEFBE2241C2FC00348BB6 /* DetalleCoachViewController.swift */; };
		395CEFC32241C8B300348BB6 /* CoachPic.png in Resources */ = {isa = PBXBuildFile; fileRef = 395CEFC22241C8B300348BB6 /* CoachPic.png */; };
		395CEFC72241D32A00348BB6 /* CoachesListaViewController.swift in Sources */ = {isa = PBXBuildFile; fileRef = 395CEFC62241D32A00348BB6 /* CoachesListaViewController.swift */; };
		395D97BD224EFE900056AA8D /* ThreeSixtyVideoViewController.swift in Sources */ = {isa = PBXBuildFile; fileRef = 395D97BC224EFE900056AA8D /* ThreeSixtyVideoViewController.swift */; };
		395D97BF224F01230056AA8D /* AugmentedRealityVideoViewController.swift in Sources */ = {isa = PBXBuildFile; fileRef = 395D97BE224F01230056AA8D /* AugmentedRealityVideoViewController.swift */; };
		395D97C1224F01E50056AA8D /* GoogleMapGymCCMViewController.swift in Sources */ = {isa = PBXBuildFile; fileRef = 395D97C0224F01E50056AA8D /* GoogleMapGymCCMViewController.swift */; };
		396E32B122441481001420FC /* coach.png in Resources */ = {isa = PBXBuildFile; fileRef = 396E32B022441481001420FC /* coach.png */; };
		396E32B3224414C8001420FC /* dumbbell2.png in Resources */ = {isa = PBXBuildFile; fileRef = 396E32B2224414C7001420FC /* dumbbell2.png */; };
		396E32B52244176F001420FC /* AchievementsListViewController.swift in Sources */ = {isa = PBXBuildFile; fileRef = 396E32B42244176F001420FC /* AchievementsListViewController.swift */; };
		396E32B7224418CF001420FC /* trophy.png in Resources */ = {isa = PBXBuildFile; fileRef = 396E32B6224418CD001420FC /* trophy.png */; };
		396E32B922441A9E001420FC /* DetalleAchievementsViewController.swift in Sources */ = {isa = PBXBuildFile; fileRef = 396E32B822441A9E001420FC /* DetalleAchievementsViewController.swift */; };
		396E32BB22442210001420FC /* app-bg.jpg in Resources */ = {isa = PBXBuildFile; fileRef = 396E32BA2244220F001420FC /* app-bg.jpg */; };
		396E32BD22442538001420FC /* ButtonImage.png in Resources */ = {isa = PBXBuildFile; fileRef = 396E32BC22442537001420FC /* ButtonImage.png */; };
		396E32BF22442798001420FC /* app-bg2.jpg in Resources */ = {isa = PBXBuildFile; fileRef = 396E32BE22442797001420FC /* app-bg2.jpg */; };
		396E32C12244282C001420FC /* app-bg3.jpg in Resources */ = {isa = PBXBuildFile; fileRef = 396E32C02244282C001420FC /* app-bg3.jpg */; };
		396E32C322442839001420FC /* app-bg4.jpg in Resources */ = {isa = PBXBuildFile; fileRef = 396E32C222442839001420FC /* app-bg4.jpg */; };
		39A7098F2241E2F800B13BB1 /* medalla.jpg in Resources */ = {isa = PBXBuildFile; fileRef = 39A7098E2241E2F700B13BB1 /* medalla.jpg */; };
		39A709912241E3D100B13BB1 /* certificate.png in Resources */ = {isa = PBXBuildFile; fileRef = 39A709902241E3D100B13BB1 /* certificate.png */; };
		39D29B08224334F7007F0C4F /* dumbbell-512.png in Resources */ = {isa = PBXBuildFile; fileRef = 39D29B07224334F7007F0C4F /* dumbbell-512.png */; };
		39D29B0A224335EC007F0C4F /* dumbbell-64.jpg in Resources */ = {isa = PBXBuildFile; fileRef = 39D29B09224335EC007F0C4F /* dumbbell-64.jpg */; };
		39D29B0C224335F3007F0C4F /* dumbbell-128.jpg in Resources */ = {isa = PBXBuildFile; fileRef = 39D29B0B224335F3007F0C4F /* dumbbell-128.jpg */; };
		39D29B0E22433698007F0C4F /* dumbbell-120.jpg in Resources */ = {isa = PBXBuildFile; fileRef = 39D29B0D22433698007F0C4F /* dumbbell-120.jpg */; };
		39D29B10224336B6007F0C4F /* dumbbell-180.jpg in Resources */ = {isa = PBXBuildFile; fileRef = 39D29B0F224336B6007F0C4F /* dumbbell-180.jpg */; };
		39D29B122243382E007F0C4F /* RoutineListViewController.swift in Sources */ = {isa = PBXBuildFile; fileRef = 39D29B112243382E007F0C4F /* RoutineListViewController.swift */; };
		39D29B1622433BCA007F0C4F /* DetalleRoutinesViewController.swift in Sources */ = {isa = PBXBuildFile; fileRef = 39D29B1522433BCA007F0C4F /* DetalleRoutinesViewController.swift */; };
		8934540E224B2AEA00ECF92A /* KeyboardLayoutConstraint.swift in Sources */ = {isa = PBXBuildFile; fileRef = 8934540D224B2AEA00ECF92A /* KeyboardLayoutConstraint.swift */; };
		89477BE02231A05000F313CE /* AppDelegate.swift in Sources */ = {isa = PBXBuildFile; fileRef = 89477BDF2231A05000F313CE /* AppDelegate.swift */; };
		89477BE22231A05000F313CE /* FirstViewController.swift in Sources */ = {isa = PBXBuildFile; fileRef = 89477BE12231A05000F313CE /* FirstViewController.swift */; };
		89477BE42231A05000F313CE /* SecondViewController.swift in Sources */ = {isa = PBXBuildFile; fileRef = 89477BE32231A05000F313CE /* SecondViewController.swift */; };
		89477BE72231A05000F313CE /* Main.storyboard in Resources */ = {isa = PBXBuildFile; fileRef = 89477BE52231A05000F313CE /* Main.storyboard */; };
		89477BE92231A05300F313CE /* Assets.xcassets in Resources */ = {isa = PBXBuildFile; fileRef = 89477BE82231A05300F313CE /* Assets.xcassets */; };
		89477BEC2231A05300F313CE /* LaunchScreen.storyboard in Resources */ = {isa = PBXBuildFile; fileRef = 89477BEA2231A05300F313CE /* LaunchScreen.storyboard */; };
		89750BAD224DEC6A009678EA /* gymPattern.png in Resources */ = {isa = PBXBuildFile; fileRef = 89750BAC224DEC6A009678EA /* gymPattern.png */; };
		8991720E224ACB1900A6B238 /* SignUpViewController.swift in Sources */ = {isa = PBXBuildFile; fileRef = 8991720D224ACB1900A6B238 /* SignUpViewController.swift */; };
		899CB5EA2249D4A500289D93 /* SignInViewController.swift in Sources */ = {isa = PBXBuildFile; fileRef = 899CB5E92249D4A500289D93 /* SignInViewController.swift */; };
/* End PBXBuildFile section */

/* Begin PBXFileReference section */
		3922AADF2241BA5200BF0543 /* CoachesListViewController.swift */ = {isa = PBXFileReference; lastKnownFileType = sourcecode.swift; path = CoachesListViewController.swift; sourceTree = "<group>"; };
		395B9B42223D64DE000CE2A2 /* QrScreen.png */ = {isa = PBXFileReference; lastKnownFileType = image.png; path = QrScreen.png; sourceTree = "<group>"; };
		395B9B44223D6603000CE2A2 /* EditProfileViewController.swift */ = {isa = PBXFileReference; lastKnownFileType = sourcecode.swift; path = EditProfileViewController.swift; sourceTree = "<group>"; };
		395B9B46223D69B5000CE2A2 /* UpdateProfileViewController.swift */ = {isa = PBXFileReference; lastKnownFileType = sourcecode.swift; path = UpdateProfileViewController.swift; sourceTree = "<group>"; };
		395B9B48223D7251000CE2A2 /* QR LOGO.png */ = {isa = PBXFileReference; lastKnownFileType = image.png; path = "QR LOGO.png"; sourceTree = "<group>"; };
		395B9B4A223D7839000CE2A2 /* ProfileViewController.swift */ = {isa = PBXFileReference; lastKnownFileType = sourcecode.swift; path = ProfileViewController.swift; sourceTree = "<group>"; };
		395B9B4C223D7B0A000CE2A2 /* MapaTec.png */ = {isa = PBXFileReference; lastKnownFileType = image.png; path = MapaTec.png; sourceTree = "<group>"; };
		395B9B4E223D8924000CE2A2 /* GymTec.png */ = {isa = PBXFileReference; lastKnownFileType = image.png; path = GymTec.png; sourceTree = "<group>"; };
		395B9B50223D8E43000CE2A2 /* 360Gym.png */ = {isa = PBXFileReference; lastKnownFileType = image.png; path = 360Gym.png; sourceTree = "<group>"; };
		395CEFBE2241C2FC00348BB6 /* DetalleCoachViewController.swift */ = {isa = PBXFileReference; lastKnownFileType = sourcecode.swift; path = DetalleCoachViewController.swift; sourceTree = "<group>"; };
		395CEFC22241C8B300348BB6 /* CoachPic.png */ = {isa = PBXFileReference; lastKnownFileType = image.png; path = CoachPic.png; sourceTree = "<group>"; };
		395CEFC62241D32A00348BB6 /* CoachesListaViewController.swift */ = {isa = PBXFileReference; lastKnownFileType = sourcecode.swift; path = CoachesListaViewController.swift; sourceTree = "<group>"; };
		395D97BC224EFE900056AA8D /* ThreeSixtyVideoViewController.swift */ = {isa = PBXFileReference; lastKnownFileType = sourcecode.swift; path = ThreeSixtyVideoViewController.swift; sourceTree = "<group>"; };
		395D97BE224F01230056AA8D /* AugmentedRealityVideoViewController.swift */ = {isa = PBXFileReference; lastKnownFileType = sourcecode.swift; path = AugmentedRealityVideoViewController.swift; sourceTree = "<group>"; };
		395D97C0224F01E50056AA8D /* GoogleMapGymCCMViewController.swift */ = {isa = PBXFileReference; lastKnownFileType = sourcecode.swift; path = GoogleMapGymCCMViewController.swift; sourceTree = "<group>"; };
		396E32B022441481001420FC /* coach.png */ = {isa = PBXFileReference; lastKnownFileType = image.png; path = coach.png; sourceTree = "<group>"; };
		396E32B2224414C7001420FC /* dumbbell2.png */ = {isa = PBXFileReference; lastKnownFileType = image.png; path = dumbbell2.png; sourceTree = "<group>"; };
		396E32B42244176F001420FC /* AchievementsListViewController.swift */ = {isa = PBXFileReference; lastKnownFileType = sourcecode.swift; path = AchievementsListViewController.swift; sourceTree = "<group>"; };
		396E32B6224418CD001420FC /* trophy.png */ = {isa = PBXFileReference; lastKnownFileType = image.png; path = trophy.png; sourceTree = "<group>"; };
		396E32B822441A9E001420FC /* DetalleAchievementsViewController.swift */ = {isa = PBXFileReference; lastKnownFileType = sourcecode.swift; path = DetalleAchievementsViewController.swift; sourceTree = "<group>"; };
		396E32BA2244220F001420FC /* app-bg.jpg */ = {isa = PBXFileReference; lastKnownFileType = image.jpeg; path = "app-bg.jpg"; sourceTree = "<group>"; };
		396E32BC22442537001420FC /* ButtonImage.png */ = {isa = PBXFileReference; lastKnownFileType = image.png; path = ButtonImage.png; sourceTree = "<group>"; };
		396E32BE22442797001420FC /* app-bg2.jpg */ = {isa = PBXFileReference; lastKnownFileType = image.jpeg; path = "app-bg2.jpg"; sourceTree = "<group>"; };
		396E32C02244282C001420FC /* app-bg3.jpg */ = {isa = PBXFileReference; lastKnownFileType = image.jpeg; path = "app-bg3.jpg"; sourceTree = "<group>"; };
		396E32C222442839001420FC /* app-bg4.jpg */ = {isa = PBXFileReference; lastKnownFileType = image.jpeg; path = "app-bg4.jpg"; sourceTree = "<group>"; };
		39A7098E2241E2F700B13BB1 /* medalla.jpg */ = {isa = PBXFileReference; lastKnownFileType = image.jpeg; path = medalla.jpg; sourceTree = "<group>"; };
		39A709902241E3D100B13BB1 /* certificate.png */ = {isa = PBXFileReference; lastKnownFileType = image.png; path = certificate.png; sourceTree = "<group>"; };
		39D29B07224334F7007F0C4F /* dumbbell-512.png */ = {isa = PBXFileReference; lastKnownFileType = image.png; path = "dumbbell-512.png"; sourceTree = "<group>"; };
		39D29B09224335EC007F0C4F /* dumbbell-64.jpg */ = {isa = PBXFileReference; lastKnownFileType = image.jpeg; path = "dumbbell-64.jpg"; sourceTree = "<group>"; };
		39D29B0B224335F3007F0C4F /* dumbbell-128.jpg */ = {isa = PBXFileReference; lastKnownFileType = image.jpeg; path = "dumbbell-128.jpg"; sourceTree = "<group>"; };
		39D29B0D22433698007F0C4F /* dumbbell-120.jpg */ = {isa = PBXFileReference; lastKnownFileType = image.jpeg; path = "dumbbell-120.jpg"; sourceTree = "<group>"; };
		39D29B0F224336B6007F0C4F /* dumbbell-180.jpg */ = {isa = PBXFileReference; lastKnownFileType = image.jpeg; path = "dumbbell-180.jpg"; sourceTree = "<group>"; };
		39D29B112243382E007F0C4F /* RoutineListViewController.swift */ = {isa = PBXFileReference; lastKnownFileType = sourcecode.swift; path = RoutineListViewController.swift; sourceTree = "<group>"; };
		39D29B1522433BCA007F0C4F /* DetalleRoutinesViewController.swift */ = {isa = PBXFileReference; lastKnownFileType = sourcecode.swift; path = DetalleRoutinesViewController.swift; sourceTree = "<group>"; };
		8934540D224B2AEA00ECF92A /* KeyboardLayoutConstraint.swift */ = {isa = PBXFileReference; lastKnownFileType = sourcecode.swift; path = KeyboardLayoutConstraint.swift; sourceTree = "<group>"; };
		89477BDC2231A05000F313CE /* GymTec.app */ = {isa = PBXFileReference; explicitFileType = wrapper.application; includeInIndex = 0; path = GymTec.app; sourceTree = BUILT_PRODUCTS_DIR; };
		89477BDF2231A05000F313CE /* AppDelegate.swift */ = {isa = PBXFileReference; lastKnownFileType = sourcecode.swift; path = AppDelegate.swift; sourceTree = "<group>"; };
		89477BE12231A05000F313CE /* FirstViewController.swift */ = {isa = PBXFileReference; lastKnownFileType = sourcecode.swift; path = FirstViewController.swift; sourceTree = "<group>"; };
		89477BE32231A05000F313CE /* SecondViewController.swift */ = {isa = PBXFileReference; lastKnownFileType = sourcecode.swift; path = SecondViewController.swift; sourceTree = "<group>"; };
		89477BE62231A05000F313CE /* Base */ = {isa = PBXFileReference; lastKnownFileType = file.storyboard; name = Base; path = Base.lproj/Main.storyboard; sourceTree = "<group>"; };
		89477BE82231A05300F313CE /* Assets.xcassets */ = {isa = PBXFileReference; lastKnownFileType = folder.assetcatalog; path = Assets.xcassets; sourceTree = "<group>"; };
		89477BEB2231A05300F313CE /* Base */ = {isa = PBXFileReference; lastKnownFileType = file.storyboard; name = Base; path = Base.lproj/LaunchScreen.storyboard; sourceTree = "<group>"; };
		89477BED2231A05300F313CE /* Info.plist */ = {isa = PBXFileReference; lastKnownFileType = text.plist.xml; path = Info.plist; sourceTree = "<group>"; };
		89750BAC224DEC6A009678EA /* gymPattern.png */ = {isa = PBXFileReference; lastKnownFileType = image.png; path = gymPattern.png; sourceTree = "<group>"; };
		8991720D224ACB1900A6B238 /* SignUpViewController.swift */ = {isa = PBXFileReference; lastKnownFileType = sourcecode.swift; path = SignUpViewController.swift; sourceTree = "<group>"; };
		899CB5E92249D4A500289D93 /* SignInViewController.swift */ = {isa = PBXFileReference; lastKnownFileType = sourcecode.swift; path = SignInViewController.swift; sourceTree = "<group>"; };
		89BC8816224AE22E007EBFBF /* GymTec.entitlements */ = {isa = PBXFileReference; lastKnownFileType = text.plist.entitlements; path = GymTec.entitlements; sourceTree = "<group>"; };
/* End PBXFileReference section */

/* Begin PBXFrameworksBuildPhase section */
		89477BD92231A05000F313CE /* Frameworks */ = {
			isa = PBXFrameworksBuildPhase;
			buildActionMask = 2147483647;
			files = (
			);
			runOnlyForDeploymentPostprocessing = 0;
		};
/* End PBXFrameworksBuildPhase section */

/* Begin PBXGroup section */
		89477BD32231A05000F313CE = {
			isa = PBXGroup;
			children = (
				89477BDE2231A05000F313CE /* GymTec */,
				89477BDD2231A05000F313CE /* Products */,
			);
			sourceTree = "<group>";
		};
		89477BDD2231A05000F313CE /* Products */ = {
			isa = PBXGroup;
			children = (
				89477BDC2231A05000F313CE /* GymTec.app */,
			);
			name = Products;
			sourceTree = "<group>";
		};
		89477BDE2231A05000F313CE /* GymTec */ = {
			isa = PBXGroup;
			children = (
				89BC8816224AE22E007EBFBF /* GymTec.entitlements */,
				396E32BA2244220F001420FC /* app-bg.jpg */,
				396E32BE22442797001420FC /* app-bg2.jpg */,
				396E32C02244282C001420FC /* app-bg3.jpg */,
				396E32C222442839001420FC /* app-bg4.jpg */,
				39D29B09224335EC007F0C4F /* dumbbell-64.jpg */,
				39D29B0D22433698007F0C4F /* dumbbell-120.jpg */,
				39D29B0B224335F3007F0C4F /* dumbbell-128.jpg */,
				39D29B0F224336B6007F0C4F /* dumbbell-180.jpg */,
				89750BAC224DEC6A009678EA /* gymPattern.png */,
				39A7098E2241E2F700B13BB1 /* medalla.jpg */,
				89477BED2231A05300F313CE /* Info.plist */,
				395B9B50223D8E43000CE2A2 /* 360Gym.png */,
				396E32BC22442537001420FC /* ButtonImage.png */,
				39A709902241E3D100B13BB1 /* certificate.png */,
				396E32B022441481001420FC /* coach.png */,
				395CEFC22241C8B300348BB6 /* CoachPic.png */,
				39D29B07224334F7007F0C4F /* dumbbell-512.png */,
				396E32B2224414C7001420FC /* dumbbell2.png */,
				395B9B4E223D8924000CE2A2 /* GymTec.png */,
				395B9B4C223D7B0A000CE2A2 /* MapaTec.png */,
				395B9B48223D7251000CE2A2 /* QR LOGO.png */,
				395B9B42223D64DE000CE2A2 /* QrScreen.png */,
				396E32B6224418CD001420FC /* trophy.png */,
				396E32B42244176F001420FC /* AchievementsListViewController.swift */,
				89477BDF2231A05000F313CE /* AppDelegate.swift */,
				395CEFC62241D32A00348BB6 /* CoachesListaViewController.swift */,
				3922AADF2241BA5200BF0543 /* CoachesListViewController.swift */,
				396E32B822441A9E001420FC /* DetalleAchievementsViewController.swift */,
				395CEFBE2241C2FC00348BB6 /* DetalleCoachViewController.swift */,
				39D29B1522433BCA007F0C4F /* DetalleRoutinesViewController.swift */,
				395B9B44223D6603000CE2A2 /* EditProfileViewController.swift */,
				89477BE12231A05000F313CE /* FirstViewController.swift */,
				395B9B4A223D7839000CE2A2 /* ProfileViewController.swift */,
				39D29B112243382E007F0C4F /* RoutineListViewController.swift */,
				89477BE32231A05000F313CE /* SecondViewController.swift */,
				899CB5E92249D4A500289D93 /* SignInViewController.swift */,
				8991720D224ACB1900A6B238 /* SignUpViewController.swift */,
				8934540D224B2AEA00ECF92A /* KeyboardLayoutConstraint.swift */,
				395B9B46223D69B5000CE2A2 /* UpdateProfileViewController.swift */,
				89477BE82231A05300F313CE /* Assets.xcassets */,
				89477BEA2231A05300F313CE /* LaunchScreen.storyboard */,
				89477BE52231A05000F313CE /* Main.storyboard */,
				395D97BC224EFE900056AA8D /* ThreeSixtyVideoViewController.swift */,
				395D97BE224F01230056AA8D /* AugmentedRealityVideoViewController.swift */,
				395D97C0224F01E50056AA8D /* GoogleMapGymCCMViewController.swift */,
			);
			path = GymTec;
			sourceTree = "<group>";
		};
/* End PBXGroup section */

/* Begin PBXNativeTarget section */
		89477BDB2231A05000F313CE /* GymTec */ = {
			isa = PBXNativeTarget;
			buildConfigurationList = 89477BF02231A05300F313CE /* Build configuration list for PBXNativeTarget "GymTec" */;
			buildPhases = (
				89477BD82231A05000F313CE /* Sources */,
				89477BD92231A05000F313CE /* Frameworks */,
				89477BDA2231A05000F313CE /* Resources */,
			);
			buildRules = (
			);
			dependencies = (
			);
			name = GymTec;
			productName = GymTec;
			productReference = 89477BDC2231A05000F313CE /* GymTec.app */;
			productType = "com.apple.product-type.application";
		};
/* End PBXNativeTarget section */

/* Begin PBXProject section */
		89477BD42231A05000F313CE /* Project object */ = {
			isa = PBXProject;
			attributes = {
				LastSwiftUpdateCheck = 1010;
				LastUpgradeCheck = 1010;
				ORGANIZATIONNAME = "Yair Pimentel";
				TargetAttributes = {
					89477BDB2231A05000F313CE = {
						CreatedOnToolsVersion = 10.1;
						SystemCapabilities = {
							com.apple.Keychain = {
								enabled = 0;
							};
						};
					};
				};
			};
			buildConfigurationList = 89477BD72231A05000F313CE /* Build configuration list for PBXProject "GymTec" */;
			compatibilityVersion = "Xcode 9.3";
			developmentRegion = en;
			hasScannedForEncodings = 0;
			knownRegions = (
				en,
				Base,
			);
			mainGroup = 89477BD32231A05000F313CE;
			productRefGroup = 89477BDD2231A05000F313CE /* Products */;
			projectDirPath = "";
			projectRoot = "";
			targets = (
				89477BDB2231A05000F313CE /* GymTec */,
			);
		};
/* End PBXProject section */

/* Begin PBXResourcesBuildPhase section */
		89477BDA2231A05000F313CE /* Resources */ = {
			isa = PBXResourcesBuildPhase;
			buildActionMask = 2147483647;
			files = (
				39D29B0C224335F3007F0C4F /* dumbbell-128.jpg in Resources */,
				39D29B0A224335EC007F0C4F /* dumbbell-64.jpg in Resources */,
				396E32BF22442798001420FC /* app-bg2.jpg in Resources */,
				395B9B4F223D8924000CE2A2 /* GymTec.png in Resources */,
				395B9B49223D7251000CE2A2 /* QR LOGO.png in Resources */,
				396E32BB22442210001420FC /* app-bg.jpg in Resources */,
				396E32C322442839001420FC /* app-bg4.jpg in Resources */,
				39A7098F2241E2F800B13BB1 /* medalla.jpg in Resources */,
				396E32C12244282C001420FC /* app-bg3.jpg in Resources */,
				89477BEC2231A05300F313CE /* LaunchScreen.storyboard in Resources */,
				396E32B7224418CF001420FC /* trophy.png in Resources */,
				396E32B3224414C8001420FC /* dumbbell2.png in Resources */,
				396E32BD22442538001420FC /* ButtonImage.png in Resources */,
				395B9B51223D8E44000CE2A2 /* 360Gym.png in Resources */,
				395CEFC32241C8B300348BB6 /* CoachPic.png in Resources */,
				396E32B122441481001420FC /* coach.png in Resources */,
				89477BE92231A05300F313CE /* Assets.xcassets in Resources */,
				39A709912241E3D100B13BB1 /* certificate.png in Resources */,
				89750BAD224DEC6A009678EA /* gymPattern.png in Resources */,
				395B9B43223D64DE000CE2A2 /* QrScreen.png in Resources */,
				89477BE72231A05000F313CE /* Main.storyboard in Resources */,
				39D29B10224336B6007F0C4F /* dumbbell-180.jpg in Resources */,
				395B9B4D223D7B0B000CE2A2 /* MapaTec.png in Resources */,
				39D29B0E22433698007F0C4F /* dumbbell-120.jpg in Resources */,
				39D29B08224334F7007F0C4F /* dumbbell-512.png in Resources */,
			);
			runOnlyForDeploymentPostprocessing = 0;
		};
/* End PBXResourcesBuildPhase section */

/* Begin PBXSourcesBuildPhase section */
		89477BD82231A05000F313CE /* Sources */ = {
			isa = PBXSourcesBuildPhase;
			buildActionMask = 2147483647;
			files = (
				89477BE42231A05000F313CE /* SecondViewController.swift in Sources */,
				8934540E224B2AEA00ECF92A /* KeyboardLayoutConstraint.swift in Sources */,
				39D29B122243382E007F0C4F /* RoutineListViewController.swift in Sources */,
				89477BE02231A05000F313CE /* AppDelegate.swift in Sources */,
				3922AAE02241BA5200BF0543 /* CoachesListViewController.swift in Sources */,
				39D29B1622433BCA007F0C4F /* DetalleRoutinesViewController.swift in Sources */,
				395B9B47223D69B5000CE2A2 /* UpdateProfileViewController.swift in Sources */,
				395B9B4B223D7839000CE2A2 /* ProfileViewController.swift in Sources */,
				899CB5EA2249D4A500289D93 /* SignInViewController.swift in Sources */,
				396E32B52244176F001420FC /* AchievementsListViewController.swift in Sources */,
				395D97BF224F01230056AA8D /* AugmentedRealityVideoViewController.swift in Sources */,
				8991720E224ACB1900A6B238 /* SignUpViewController.swift in Sources */,
				395CEFC72241D32A00348BB6 /* CoachesListaViewController.swift in Sources */,
				396E32B922441A9E001420FC /* DetalleAchievementsViewController.swift in Sources */,
				395CEFBF2241C2FC00348BB6 /* DetalleCoachViewController.swift in Sources */,
				395B9B45223D6603000CE2A2 /* EditProfileViewController.swift in Sources */,
				89477BE22231A05000F313CE /* FirstViewController.swift in Sources */,
				395D97C1224F01E50056AA8D /* GoogleMapGymCCMViewController.swift in Sources */,
				395D97BD224EFE900056AA8D /* ThreeSixtyVideoViewController.swift in Sources */,
			);
			runOnlyForDeploymentPostprocessing = 0;
		};
/* End PBXSourcesBuildPhase section */

/* Begin PBXVariantGroup section */
		89477BE52231A05000F313CE /* Main.storyboard */ = {
			isa = PBXVariantGroup;
			children = (
				89477BE62231A05000F313CE /* Base */,
			);
			name = Main.storyboard;
			sourceTree = "<group>";
		};
		89477BEA2231A05300F313CE /* LaunchScreen.storyboard */ = {
			isa = PBXVariantGroup;
			children = (
				89477BEB2231A05300F313CE /* Base */,
			);
			name = LaunchScreen.storyboard;
			sourceTree = "<group>";
		};
/* End PBXVariantGroup section */

/* Begin XCBuildConfiguration section */
		89477BEE2231A05300F313CE /* Debug */ = {
			isa = XCBuildConfiguration;
			buildSettings = {
				ALWAYS_SEARCH_USER_PATHS = NO;
				CLANG_ANALYZER_NONNULL = YES;
				CLANG_ANALYZER_NUMBER_OBJECT_CONVERSION = YES_AGGRESSIVE;
				CLANG_CXX_LANGUAGE_STANDARD = "gnu++14";
				CLANG_CXX_LIBRARY = "libc++";
				CLANG_ENABLE_MODULES = YES;
				CLANG_ENABLE_OBJC_ARC = YES;
				CLANG_ENABLE_OBJC_WEAK = YES;
				CLANG_WARN_BLOCK_CAPTURE_AUTORELEASING = YES;
				CLANG_WARN_BOOL_CONVERSION = YES;
				CLANG_WARN_COMMA = YES;
				CLANG_WARN_CONSTANT_CONVERSION = YES;
				CLANG_WARN_DEPRECATED_OBJC_IMPLEMENTATIONS = YES;
				CLANG_WARN_DIRECT_OBJC_ISA_USAGE = YES_ERROR;
				CLANG_WARN_DOCUMENTATION_COMMENTS = YES;
				CLANG_WARN_EMPTY_BODY = YES;
				CLANG_WARN_ENUM_CONVERSION = YES;
				CLANG_WARN_INFINITE_RECURSION = YES;
				CLANG_WARN_INT_CONVERSION = YES;
				CLANG_WARN_NON_LITERAL_NULL_CONVERSION = YES;
				CLANG_WARN_OBJC_IMPLICIT_RETAIN_SELF = YES;
				CLANG_WARN_OBJC_LITERAL_CONVERSION = YES;
				CLANG_WARN_OBJC_ROOT_CLASS = YES_ERROR;
				CLANG_WARN_RANGE_LOOP_ANALYSIS = YES;
				CLANG_WARN_STRICT_PROTOTYPES = YES;
				CLANG_WARN_SUSPICIOUS_MOVE = YES;
				CLANG_WARN_UNGUARDED_AVAILABILITY = YES_AGGRESSIVE;
				CLANG_WARN_UNREACHABLE_CODE = YES;
				CLANG_WARN__DUPLICATE_METHOD_MATCH = YES;
				CODE_SIGN_IDENTITY = "iPhone Developer";
				COPY_PHASE_STRIP = NO;
				DEBUG_INFORMATION_FORMAT = dwarf;
				ENABLE_STRICT_OBJC_MSGSEND = YES;
				ENABLE_TESTABILITY = YES;
				GCC_C_LANGUAGE_STANDARD = gnu11;
				GCC_DYNAMIC_NO_PIC = NO;
				GCC_NO_COMMON_BLOCKS = YES;
				GCC_OPTIMIZATION_LEVEL = 0;
				GCC_PREPROCESSOR_DEFINITIONS = (
					"DEBUG=1",
					"$(inherited)",
				);
				GCC_WARN_64_TO_32_BIT_CONVERSION = YES;
				GCC_WARN_ABOUT_RETURN_TYPE = YES_ERROR;
				GCC_WARN_UNDECLARED_SELECTOR = YES;
				GCC_WARN_UNINITIALIZED_AUTOS = YES_AGGRESSIVE;
				GCC_WARN_UNUSED_FUNCTION = YES;
				GCC_WARN_UNUSED_VARIABLE = YES;
				IPHONEOS_DEPLOYMENT_TARGET = 12.1;
				MTL_ENABLE_DEBUG_INFO = INCLUDE_SOURCE;
				MTL_FAST_MATH = YES;
				ONLY_ACTIVE_ARCH = YES;
				SDKROOT = iphoneos;
				SWIFT_ACTIVE_COMPILATION_CONDITIONS = DEBUG;
				SWIFT_OPTIMIZATION_LEVEL = "-Onone";
			};
			name = Debug;
		};
		89477BEF2231A05300F313CE /* Release */ = {
			isa = XCBuildConfiguration;
			buildSettings = {
				ALWAYS_SEARCH_USER_PATHS = NO;
				CLANG_ANALYZER_NONNULL = YES;
				CLANG_ANALYZER_NUMBER_OBJECT_CONVERSION = YES_AGGRESSIVE;
				CLANG_CXX_LANGUAGE_STANDARD = "gnu++14";
				CLANG_CXX_LIBRARY = "libc++";
				CLANG_ENABLE_MODULES = YES;
				CLANG_ENABLE_OBJC_ARC = YES;
				CLANG_ENABLE_OBJC_WEAK = YES;
				CLANG_WARN_BLOCK_CAPTURE_AUTORELEASING = YES;
				CLANG_WARN_BOOL_CONVERSION = YES;
				CLANG_WARN_COMMA = YES;
				CLANG_WARN_CONSTANT_CONVERSION = YES;
				CLANG_WARN_DEPRECATED_OBJC_IMPLEMENTATIONS = YES;
				CLANG_WARN_DIRECT_OBJC_ISA_USAGE = YES_ERROR;
				CLANG_WARN_DOCUMENTATION_COMMENTS = YES;
				CLANG_WARN_EMPTY_BODY = YES;
				CLANG_WARN_ENUM_CONVERSION = YES;
				CLANG_WARN_INFINITE_RECURSION = YES;
				CLANG_WARN_INT_CONVERSION = YES;
				CLANG_WARN_NON_LITERAL_NULL_CONVERSION = YES;
				CLANG_WARN_OBJC_IMPLICIT_RETAIN_SELF = YES;
				CLANG_WARN_OBJC_LITERAL_CONVERSION = YES;
				CLANG_WARN_OBJC_ROOT_CLASS = YES_ERROR;
				CLANG_WARN_RANGE_LOOP_ANALYSIS = YES;
				CLANG_WARN_STRICT_PROTOTYPES = YES;
				CLANG_WARN_SUSPICIOUS_MOVE = YES;
				CLANG_WARN_UNGUARDED_AVAILABILITY = YES_AGGRESSIVE;
				CLANG_WARN_UNREACHABLE_CODE = YES;
				CLANG_WARN__DUPLICATE_METHOD_MATCH = YES;
				CODE_SIGN_IDENTITY = "iPhone Developer";
				COPY_PHASE_STRIP = NO;
				DEBUG_INFORMATION_FORMAT = "dwarf-with-dsym";
				ENABLE_NS_ASSERTIONS = NO;
				ENABLE_STRICT_OBJC_MSGSEND = YES;
				GCC_C_LANGUAGE_STANDARD = gnu11;
				GCC_NO_COMMON_BLOCKS = YES;
				GCC_WARN_64_TO_32_BIT_CONVERSION = YES;
				GCC_WARN_ABOUT_RETURN_TYPE = YES_ERROR;
				GCC_WARN_UNDECLARED_SELECTOR = YES;
				GCC_WARN_UNINITIALIZED_AUTOS = YES_AGGRESSIVE;
				GCC_WARN_UNUSED_FUNCTION = YES;
				GCC_WARN_UNUSED_VARIABLE = YES;
				IPHONEOS_DEPLOYMENT_TARGET = 12.1;
				MTL_ENABLE_DEBUG_INFO = NO;
				MTL_FAST_MATH = YES;
				SDKROOT = iphoneos;
				SWIFT_COMPILATION_MODE = wholemodule;
				SWIFT_OPTIMIZATION_LEVEL = "-O";
				VALIDATE_PRODUCT = YES;
			};
			name = Release;
		};
		89477BF12231A05300F313CE /* Debug */ = {
			isa = XCBuildConfiguration;
			buildSettings = {
				ASSETCATALOG_COMPILER_APPICON_NAME = AppIcon;
				CODE_SIGN_STYLE = Automatic;
				DEVELOPMENT_TEAM = L264YC49L2;
				INFOPLIST_FILE = GymTec/Info.plist;
				LD_RUNPATH_SEARCH_PATHS = (
					"$(inherited)",
					"@executable_path/Frameworks",
				);
				PRODUCT_BUNDLE_IDENTIFIER = mx.a01652823.GymTec02;
				PRODUCT_NAME = "$(TARGET_NAME)";
				SWIFT_VERSION = 4.2;
				TARGETED_DEVICE_FAMILY = "1,2";
			};
			name = Debug;
		};
		89477BF22231A05300F313CE /* Release */ = {
			isa = XCBuildConfiguration;
			buildSettings = {
				ASSETCATALOG_COMPILER_APPICON_NAME = AppIcon;
				CODE_SIGN_STYLE = Automatic;
				DEVELOPMENT_TEAM = L264YC49L2;
				INFOPLIST_FILE = GymTec/Info.plist;
				LD_RUNPATH_SEARCH_PATHS = (
					"$(inherited)",
					"@executable_path/Frameworks",
				);
				PRODUCT_BUNDLE_IDENTIFIER = mx.a01652823.GymTec02;
				PRODUCT_NAME = "$(TARGET_NAME)";
				SWIFT_VERSION = 4.2;
				TARGETED_DEVICE_FAMILY = "1,2";
			};
			name = Release;
		};
/* End XCBuildConfiguration section */

/* Begin XCConfigurationList section */
		89477BD72231A05000F313CE /* Build configuration list for PBXProject "GymTec" */ = {
			isa = XCConfigurationList;
			buildConfigurations = (
				89477BEE2231A05300F313CE /* Debug */,
				89477BEF2231A05300F313CE /* Release */,
			);
			defaultConfigurationIsVisible = 0;
			defaultConfigurationName = Release;
		};
		89477BF02231A05300F313CE /* Build configuration list for PBXNativeTarget "GymTec" */ = {
			isa = XCConfigurationList;
			buildConfigurations = (
				89477BF12231A05300F313CE /* Debug */,
				89477BF22231A05300F313CE /* Release */,
			);
			defaultConfigurationIsVisible = 0;
			defaultConfigurationName = Release;
		};
/* End XCConfigurationList section */
	};
	rootObject = 89477BD42231A05000F313CE /* Project object */;
}
